NeoBundleLock vim 6a5bf34193927c70b6c21dcbe1c130d2ab0951d6
NeoBundleLock vim-colors-solarized 528a59f26d12278698bb946f8fb82a63711eec21
NeoBundleLock vim-quickhl 8f24bf90d746c27349bf8a6244484c0cbfe762eb
NeoBundleLock Wombat 600a27a126a32a1c7fd5d46727c2bb488d8e7465
NeoBundleLock neobundle.vim 14eca907757e83c52713966037799509b9afaf39
NeoBundleLock vim-trailing-whitespace 733fb64337b6da4a51c85a43450cd620d8b617b5
NeoBundleLock molokai c67bdfcdb31415aa0ade7f8c003261700a885476
NeoBundleLock emmet-vim 9c6d7836362ab10ce669bd343d4585e5a500e05c
NeoBundleLock lightline.vim ff74d6561487d220ed9d878172d8b55a79a4c17e
NeoBundleLock vim-endwise d5655263af8b3611a2bcb907a9963831a88d154b
NeoBundleLock vim-autoclose a9a3b7384657bc1f60a963fd6c08c63fc48d61c3
NeoBundleLock indentLine cdcf50529a66388dcc83a899f624c44a309b6b55
NeoBundleLock vim-gitbranch 8118dc1cdd387bd609852be4bf350360ce881193
